
Microsoft Visual Studio Solution File, Format Version 12.00
# Visual Studio Version 16
VisualStudioVersion = 16.0.29613.14
MinimumVisualStudioVersion = 10.0.40219.1
Project("{FAE04EC0-301F-11D3-BF4B-00C04F79EFBC}") = "SafeCopy", "SafeCopy.csproj", "{D0759852-2FDF-4207-89AC-F1C4A24178C4}"
EndProject
Global
	GlobalSection(SolutionConfigurationPlatforms) = preSolution
		Debug|Any CPU = Debug|Any CPU
		Release|Any CPU = Release|Any CPU
	EndGlobalSection
	GlobalSection(ProjectConfigurationPlatforms) = postSolution
		{D0759852-2FDF-4207-89AC-F1C4A24178C4}.Debug|Any CPU.ActiveCfg = Debug|Any CPU
		{D0759852-2FDF-4207-89AC-F1C4A24178C4}.Debug|Any CPU.Build.0 = Debug|Any CPU
		{D0759852-2FDF-4207-89AC-F1C4A24178C4}.Release|Any CPU.ActiveCfg = Release|Any CPU
		{D0759852-2FDF-4207-89AC-F1C4A24178C4}.Release|Any CPU.Build.0 = Release|Any CPU
	EndGlobalSection
	GlobalSection(SolutionProperties) = preSolution
		HideSolutionNode = FALSE
	EndGlobalSection
	GlobalSection(ExtensibilityGlobals) = postSolution
		SolutionGuid = {E6AD4453-CFB3-42B3-8940-22B4C67D2C99}
	EndGlobalSection
EndGlobal
